
Microsoft Visual Studio Solution File, Format Version 12.00
# Visual Studio Version 17
VisualStudioVersion = 17.3.32804.467
MinimumVisualStudioVersion = 10.0.40219.1
Project("{9A19103F-16F7-4668-BE54-9A1E7A4F7556}") = "Atividade01", "Atividade01\Atividade01.csproj", "{76559E2F-4CF0-4B73-96B5-0B7843DB51D5}"
EndProject
Global
	GlobalSection(SolutionConfigurationPlatforms) = preSolution
		Debug|Any CPU = Debug|Any CPU
		Release|Any CPU = Release|Any CPU
	EndGlobalSection
	GlobalSection(ProjectConfigurationPlatforms) = postSolution
		{76559E2F-4CF0-4B73-96B5-0B7843DB51D5}.Debug|Any CPU.ActiveCfg = Debug|Any CPU
		{76559E2F-4CF0-4B73-96B5-0B7843DB51D5}.Debug|Any CPU.Build.0 = Debug|Any CPU
		{76559E2F-4CF0-4B73-96B5-0B7843DB51D5}.Release|Any CPU.ActiveCfg = Release|Any CPU
		{76559E2F-4CF0-4B73-96B5-0B7843DB51D5}.Release|Any CPU.Build.0 = Release|Any CPU
	EndGlobalSection
	GlobalSection(SolutionProperties) = preSolution
		HideSolutionNode = FALSE
	EndGlobalSection
	GlobalSection(ExtensibilityGlobals) = postSolution
		SolutionGuid = {5498A93D-C640-43EF-A9E8-EC553A954C19}
	EndGlobalSection
EndGlobal
